
Microsoft Visual Studio Solution File, Format Version 12.00
# Visual Studio 14
VisualStudioVersion = 14.0.25420.1
MinimumVisualStudioVersion = 10.0.40219.1
Project("{F184B08F-C81C-45F6-A57F-5ABD9991F28F}") = "BillAdd", "BillAdd.vbproj", "{2AC90D5B-D7D2-4C1B-8787-0131A60F1C6F}"
EndProject
Global
	GlobalSection(SolutionConfigurationPlatforms) = preSolution
		Debug|Any CPU = Debug|Any CPU
		Release|Any CPU = Release|Any CPU
	EndGlobalSection
	GlobalSection(ProjectConfigurationPlatforms) = postSolution
		{2AC90D5B-D7D2-4C1B-8787-0131A60F1C6F}.Debug|Any CPU.ActiveCfg = Debug|Any CPU
		{2AC90D5B-D7D2-4C1B-8787-0131A60F1C6F}.Debug|Any CPU.Build.0 = Debug|Any CPU
		{2AC90D5B-D7D2-4C1B-8787-0131A60F1C6F}.Release|Any CPU.ActiveCfg = Release|Any CPU
		{2AC90D5B-D7D2-4C1B-8787-0131A60F1C6F}.Release|Any CPU.Build.0 = Release|Any CPU
	EndGlobalSection
	GlobalSection(SolutionProperties) = preSolution
		HideSolutionNode = FALSE
	EndGlobalSection
EndGlobal
