Microsoft Visual Studio Solution File, Format Version 9.00
# Visual Studio 2005
Project("{F184B08F-C81C-45F6-A57F-5ABD9991F28F}") = "DepositAdd", "DepositAdd.vbproj", "{95B58B8D-C661-42E0-8A4A-3041D2144EBC}"
EndProject
Global
	GlobalSection(SolutionConfigurationPlatforms) = preSolution
		Debug|Any CPU = Debug|Any CPU
		Release|Any CPU = Release|Any CPU
	EndGlobalSection
	GlobalSection(ProjectConfigurationPlatforms) = postSolution
		{95B58B8D-C661-42E0-8A4A-3041D2144EBC}.Debug|Any CPU.ActiveCfg = Debug|Any CPU
		{95B58B8D-C661-42E0-8A4A-3041D2144EBC}.Debug|Any CPU.Build.0 = Debug|Any CPU
		{95B58B8D-C661-42E0-8A4A-3041D2144EBC}.Release|Any CPU.ActiveCfg = Release|Any CPU
		{95B58B8D-C661-42E0-8A4A-3041D2144EBC}.Release|Any CPU.Build.0 = Release|Any CPU
	EndGlobalSection
	GlobalSection(SolutionProperties) = preSolution
		HideSolutionNode = FALSE
	EndGlobalSection
EndGlobal
