Microsoft Visual Studio Solution File, Format Version 9.00
# Visual Studio 2005
Project("{FAE04EC0-301F-11D3-BF4B-00C04F79EFBC}") = "SubscribeAndHandleQBEvent", "SubscribeAndHandleQBEvent.csproj", "{868CE953-4142-43E8-B605-A37D6BA94636}"
EndProject
Global
	GlobalSection(SolutionConfigurationPlatforms) = preSolution
		Debug|Any CPU = Debug|Any CPU
		Release|Any CPU = Release|Any CPU
	EndGlobalSection
	GlobalSection(ProjectConfigurationPlatforms) = postSolution
		{868CE953-4142-43E8-B605-A37D6BA94636}.Debug|Any CPU.ActiveCfg = Debug|Any CPU
		{868CE953-4142-43E8-B605-A37D6BA94636}.Debug|Any CPU.Build.0 = Debug|Any CPU
		{868CE953-4142-43E8-B605-A37D6BA94636}.Release|Any CPU.ActiveCfg = Release|Any CPU
		{868CE953-4142-43E8-B605-A37D6BA94636}.Release|Any CPU.Build.0 = Release|Any CPU
	EndGlobalSection
	GlobalSection(SolutionProperties) = preSolution
		HideSolutionNode = FALSE
	EndGlobalSection
EndGlobal
