Microsoft Visual Studio Solution File, Format Version 12.00
# Visual Studio 14
VisualStudioVersion = 14.0.25420.1
MinimumVisualStudioVersion = 10.0.40219.1
Project("{E24C65DC-7377-472B-9ABA-BC803B73C61A}") = "WCWebService", "http://localhost/WCWebService", "{1C4378CC-D343-45CF-8EC9-FFB7202E2BC9}"
	ProjectSection(WebsiteProperties) = preProject
		UseIISExpress = "false"
		TargetFrameworkMoniker = ".NETFramework,Version%3Dv4.8"
		Debug.AspNetCompiler.VirtualPath = "/WCWebService"
		Debug.AspNetCompiler.PhysicalPath = "..\WCWebService\"
		Debug.AspNetCompiler.TargetPath = "PrecompiledWeb\WCWebService\"
		Debug.AspNetCompiler.Updateable = "true"
		Debug.AspNetCompiler.ForceOverwrite = "true"
		Debug.AspNetCompiler.FixedNames = "false"
		Debug.AspNetCompiler.Debug = "True"
		Release.AspNetCompiler.VirtualPath = "/WCWebService"
		Release.AspNetCompiler.PhysicalPath = "..\WCWebService\"
		Release.AspNetCompiler.TargetPath = "PrecompiledWeb\WCWebService\"
		Release.AspNetCompiler.Updateable = "true"
		Release.AspNetCompiler.ForceOverwrite = "true"
		Release.AspNetCompiler.FixedNames = "false"
		Release.AspNetCompiler.Debug = "False"
		SlnRelativePath = "..\WCWebService\"
	EndProjectSection
EndProject
Global
	GlobalSection(SolutionConfigurationPlatforms) = preSolution
		Debug|.NET = Debug|.NET
		Release|.NET = Release|.NET
	EndGlobalSection
	GlobalSection(ProjectConfigurationPlatforms) = postSolution
		{1C4378CC-D343-45CF-8EC9-FFB7202E2BC9}.Debug|.NET.ActiveCfg = Debug|Any CPU
		{1C4378CC-D343-45CF-8EC9-FFB7202E2BC9}.Debug|.NET.Build.0 = Debug|Any CPU
		{1C4378CC-D343-45CF-8EC9-FFB7202E2BC9}.Release|.NET.ActiveCfg = Debug|Any CPU
		{1C4378CC-D343-45CF-8EC9-FFB7202E2BC9}.Release|.NET.Build.0 = Debug|Any CPU
	EndGlobalSection
	GlobalSection(SolutionProperties) = preSolution
		HideSolutionNode = FALSE
	EndGlobalSection
EndGlobal
